# THIS IS AN AUTOGENERATED FILE. DO NOT EDIT THIS FILE DIRECTLY.
# yarn lockfile v1


structured-log@^0.2.0:
  version "0.2.0"
  resolved "https://registry.yarnpkg.com/structured-log/-/structured-log-0.2.0.tgz#b9be1794c39d6399f265666b84635a3307611c5b"

typescript.events@^7.9.0:
  version "7.9.0"
  resolved "https://registry.yarnpkg.com/typescript.events/-/typescript.events-7.9.0.tgz#6d7ccaef7487c4dc90b7006528a3152b1ae9f8fc"

typescript@^2.8.1:
  version "2.8.1"
  resolved "https://registry.yarnpkg.com/typescript/-/typescript-2.8.1.tgz#6160e4f8f195d5ba81d4876f9c0cc1fbc0820624"
